// !$*UTF8*$!
{
	archiveVersion = 1;
	classes = {
	};
	objectVersion = 55;
	objects = {

/* Begin PBXBuildFile section */
		09D4ADC33EC4F33D3C06B903 /* Pods_Instagram_InstagramUITests.framework in Frameworks */ = {isa = PBXBuildFile; fileRef = 97D1498B6C4D74F5AF622F3C /* Pods_Instagram_InstagramUITests.framework */; };
		2D6A778A286A4E2D008786BF /* AppDelegate.m in Sources */ = {isa = PBXBuildFile; fileRef = 2D6A7789286A4E2D008786BF /* AppDelegate.m */; };
		2D6A778D286A4E2D008786BF /* SceneDelegate.m in Sources */ = {isa = PBXBuildFile; fileRef = 2D6A778C286A4E2D008786BF /* SceneDelegate.m */; };
		2D6A7793286A4E2D008786BF /* Main.storyboard in Resources */ = {isa = PBXBuildFile; fileRef = 2D6A7791286A4E2D008786BF /* Main.storyboard */; };
		2D6A7795286A4E2F008786BF /* Assets.xcassets in Resources */ = {isa = PBXBuildFile; fileRef = 2D6A7794286A4E2F008786BF /* Assets.xcassets */; };
		2D6A7798286A4E2F008786BF /* LaunchScreen.storyboard in Resources */ = {isa = PBXBuildFile; fileRef = 2D6A7796286A4E2F008786BF /* LaunchScreen.storyboard */; };
		2D6A779B286A4E2F008786BF /* main.m in Sources */ = {isa = PBXBuildFile; fileRef = 2D6A779A286A4E2F008786BF /* main.m */; };
		2D6A77A5286A4E2F008786BF /* InstagramTests.m in Sources */ = {isa = PBXBuildFile; fileRef = 2D6A77A4286A4E2F008786BF /* InstagramTests.m */; };
		2D6A77AF286A4E2F008786BF /* InstagramUITests.m in Sources */ = {isa = PBXBuildFile; fileRef = 2D6A77AE286A4E2F008786BF /* InstagramUITests.m */; };
		2D6A77B1286A4E2F008786BF /* InstagramUITestsLaunchTests.m in Sources */ = {isa = PBXBuildFile; fileRef = 2D6A77B0286A4E2F008786BF /* InstagramUITestsLaunchTests.m */; };
		2D6A77BF286A547E008786BF /* LoginViewController.m in Sources */ = {isa = PBXBuildFile; fileRef = 2D6A77BE286A547E008786BF /* LoginViewController.m */; };
		2D6A77C2286A5650008786BF /* HomeFeedViewController.m in Sources */ = {isa = PBXBuildFile; fileRef = 2D6A77C1286A5650008786BF /* HomeFeedViewController.m */; };
		2D6A77C5286A56BE008786BF /* ComposeViewController.m in Sources */ = {isa = PBXBuildFile; fileRef = 2D6A77C4286A56BE008786BF /* ComposeViewController.m */; };
		2D6A77C8286A56E9008786BF /* ProfileViewController.m in Sources */ = {isa = PBXBuildFile; fileRef = 2D6A77C7286A56E9008786BF /* ProfileViewController.m */; };
		2D6A77CD286A6673008786BF /* Keys.plist in Resources */ = {isa = PBXBuildFile; fileRef = 2D6A77CC286A6673008786BF /* Keys.plist */; };
		2D6A77DB286AA462008786BF /* PostCell.m in Sources */ = {isa = PBXBuildFile; fileRef = 2D6A77DA286AA462008786BF /* PostCell.m */; };
		2D6A77DF286AA4FC008786BF /* Post.m in Sources */ = {isa = PBXBuildFile; fileRef = 2D6A77DE286AA4FC008786BF /* Post.m */; };
		2D6A77E5286AB000008786BF /* PhotoCell.m in Sources */ = {isa = PBXBuildFile; fileRef = 2D6A77E4286AB000008786BF /* PhotoCell.m */; };
		594841D99C1EA46C00EA4CE5 /* Pods_Instagram.framework in Frameworks */ = {isa = PBXBuildFile; fileRef = C0681B76B98CC9C0095699B0 /* Pods_Instagram.framework */; };
		DD8D5FA6E42AED9E418AACE3 /* Pods_InstagramTests.framework in Frameworks */ = {isa = PBXBuildFile; fileRef = C3D5F4DB2CADE98D906F62C3 /* Pods_InstagramTests.framework */; };
/* End PBXBuildFile section */

/* Begin PBXContainerItemProxy section */
		2D6A77A1286A4E2F008786BF /* PBXContainerItemProxy */ = {
			isa = PBXContainerItemProxy;
			containerPortal = 2D6A777D286A4E2D008786BF /* Project object */;
			proxyType = 1;
			remoteGlobalIDString = 2D6A7784286A4E2D008786BF;
			remoteInfo = Instagram;
		};
		2D6A77AB286A4E2F008786BF /* PBXContainerItemProxy */ = {
			isa = PBXContainerItemProxy;
			containerPortal = 2D6A777D286A4E2D008786BF /* Project object */;
			proxyType = 1;
			remoteGlobalIDString = 2D6A7784286A4E2D008786BF;
			remoteInfo = Instagram;
		};
/* End PBXContainerItemProxy section */

/* Begin PBXFileReference section */
		02E0B3509EE7A46F02853CA5 /* Pods-InstagramTests.debug.xcconfig */ = {isa = PBXFileReference; includeInIndex = 1; lastKnownFileType = text.xcconfig; name = "Pods-InstagramTests.debug.xcconfig"; path = "Target Support Files/Pods-InstagramTests/Pods-InstagramTests.debug.xcconfig"; sourceTree = "<group>"; };
		0C9CFACA59AF897EE4DDCBA5 /* Pods-InstagramTests.release.xcconfig */ = {isa = PBXFileReference; includeInIndex = 1; lastKnownFileType = text.xcconfig; name = "Pods-InstagramTests.release.xcconfig"; path = "Target Support Files/Pods-InstagramTests/Pods-InstagramTests.release.xcconfig"; sourceTree = "<group>"; };
		133A1A3E511E2DA049CEB116 /* Pods-Instagram.release.xcconfig */ = {isa = PBXFileReference; includeInIndex = 1; lastKnownFileType = text.xcconfig; name = "Pods-Instagram.release.xcconfig"; path = "Target Support Files/Pods-Instagram/Pods-Instagram.release.xcconfig"; sourceTree = "<group>"; };
		2D6A7785286A4E2D008786BF /* Instagram.app */ = {isa = PBXFileReference; explicitFileType = wrapper.application; includeInIndex = 0; path = Instagram.app; sourceTree = BUILT_PRODUCTS_DIR; };
		2D6A7788286A4E2D008786BF /* AppDelegate.h */ = {isa = PBXFileReference; lastKnownFileType = sourcecode.c.h; path = AppDelegate.h; sourceTree = "<group>"; };
		2D6A7789286A4E2D008786BF /* AppDelegate.m */ = {isa = PBXFileReference; lastKnownFileType = sourcecode.c.objc; path = AppDelegate.m; sourceTree = "<group>"; };
		2D6A778B286A4E2D008786BF /* SceneDelegate.h */ = {isa = PBXFileReference; lastKnownFileType = sourcecode.c.h; path = SceneDelegate.h; sourceTree = "<group>"; };
		2D6A778C286A4E2D008786BF /* SceneDelegate.m */ = {isa = PBXFileReference; lastKnownFileType = sourcecode.c.objc; path = SceneDelegate.m; sourceTree = "<group>"; };
		2D6A7792286A4E2D008786BF /* Base */ = {isa = PBXFileReference; lastKnownFileType = file.storyboard; name = Base; path = Base.lproj/Main.storyboard; sourceTree = "<group>"; };
		2D6A7794286A4E2F008786BF /* Assets.xcassets */ = {isa = PBXFileReference; lastKnownFileType = folder.assetcatalog; path = Assets.xcassets; sourceTree = "<group>"; };
		2D6A7797286A4E2F008786BF /* Base */ = {isa = PBXFileReference; lastKnownFileType = file.storyboard; name = Base; path = Base.lproj/LaunchScreen.storyboard; sourceTree = "<group>"; };
		2D6A7799286A4E2F008786BF /* Info.plist */ = {isa = PBXFileReference; lastKnownFileType = text.plist.xml; path = Info.plist; sourceTree = "<group>"; };
		2D6A779A286A4E2F008786BF /* main.m */ = {isa = PBXFileReference; lastKnownFileType = sourcecode.c.objc; path = main.m; sourceTree = "<group>"; };
		2D6A77A0286A4E2F008786BF /* InstagramTests.xctest */ = {isa = PBXFileReference; explicitFileType = wrapper.cfbundle; includeInIndex = 0; path = InstagramTests.xctest; sourceTree = BUILT_PRODUCTS_DIR; };
		2D6A77A4286A4E2F008786BF /* InstagramTests.m */ = {isa = PBXFileReference; lastKnownFileType = sourcecode.c.objc; path = InstagramTests.m; sourceTree = "<group>"; };
		2D6A77AA286A4E2F008786BF /* InstagramUITests.xctest */ = {isa = PBXFileReference; explicitFileType = wrapper.cfbundle; includeInIndex = 0; path = InstagramUITests.xctest; sourceTree = BUILT_PRODUCTS_DIR; };
		2D6A77AE286A4E2F008786BF /* InstagramUITests.m */ = {isa = PBXFileReference; lastKnownFileType = sourcecode.c.objc; path = InstagramUITests.m; sourceTree = "<group>"; };
		2D6A77B0286A4E2F008786BF /* InstagramUITestsLaunchTests.m */ = {isa = PBXFileReference; lastKnownFileType = sourcecode.c.objc; path = InstagramUITestsLaunchTests.m; sourceTree = "<group>"; };
		2D6A77BD286A547E008786BF /* LoginViewController.h */ = {isa = PBXFileReference; lastKnownFileType = sourcecode.c.h; path = LoginViewController.h; sourceTree = "<group>"; };
		2D6A77BE286A547E008786BF /* LoginViewController.m */ = {isa = PBXFileReference; lastKnownFileType = sourcecode.c.objc; path = LoginViewController.m; sourceTree = "<group>"; };
		2D6A77C0286A5650008786BF /* HomeFeedViewController.h */ = {isa = PBXFileReference; lastKnownFileType = sourcecode.c.h; path = HomeFeedViewController.h; sourceTree = "<group>"; };
		2D6A77C1286A5650008786BF /* HomeFeedViewController.m */ = {isa = PBXFileReference; lastKnownFileType = sourcecode.c.objc; path = HomeFeedViewController.m; sourceTree = "<group>"; };
		2D6A77C3286A56BE008786BF /* ComposeViewController.h */ = {isa = PBXFileReference; lastKnownFileType = sourcecode.c.h; path = ComposeViewController.h; sourceTree = "<group>"; };
		2D6A77C4286A56BE008786BF /* ComposeViewController.m */ = {isa = PBXFileReference; lastKnownFileType = sourcecode.c.objc; path = ComposeViewController.m; sourceTree = "<group>"; };
		2D6A77C6286A56E9008786BF /* ProfileViewController.h */ = {isa = PBXFileReference; lastKnownFileType = sourcecode.c.h; path = ProfileViewController.h; sourceTree = "<group>"; };
		2D6A77C7286A56E9008786BF /* ProfileViewController.m */ = {isa = PBXFileReference; lastKnownFileType = sourcecode.c.objc; path = ProfileViewController.m; sourceTree = "<group>"; };
		2D6A77CC286A6673008786BF /* Keys.plist */ = {isa = PBXFileReference; lastKnownFileType = text.plist.xml; path = Keys.plist; sourceTree = "<group>"; };
		2D6A77D9286AA462008786BF /* PostCell.h */ = {isa = PBXFileReference; lastKnownFileType = sourcecode.c.h; path = PostCell.h; sourceTree = "<group>"; };
		2D6A77DA286AA462008786BF /* PostCell.m */ = {isa = PBXFileReference; lastKnownFileType = sourcecode.c.objc; path = PostCell.m; sourceTree = "<group>"; };
		2D6A77DD286AA4FC008786BF /* Post.h */ = {isa = PBXFileReference; lastKnownFileType = sourcecode.c.h; path = Post.h; sourceTree = "<group>"; };
		2D6A77DE286AA4FC008786BF /* Post.m */ = {isa = PBXFileReference; lastKnownFileType = sourcecode.c.objc; path = Post.m; sourceTree = "<group>"; };
		2D6A77E3286AB000008786BF /* PhotoCell.h */ = {isa = PBXFileReference; lastKnownFileType = sourcecode.c.h; path = PhotoCell.h; sourceTree = "<group>"; };
		2D6A77E4286AB000008786BF /* PhotoCell.m */ = {isa = PBXFileReference; lastKnownFileType = sourcecode.c.objc; path = PhotoCell.m; sourceTree = "<group>"; };
		3EF2FFD78FEA34DFCA65FD57 /* Pods-Instagram.debug.xcconfig */ = {isa = PBXFileReference; includeInIndex = 1; lastKnownFileType = text.xcconfig; name = "Pods-Instagram.debug.xcconfig"; path = "Target Support Files/Pods-Instagram/Pods-Instagram.debug.xcconfig"; sourceTree = "<group>"; };
		97D1498B6C4D74F5AF622F3C /* Pods_Instagram_InstagramUITests.framework */ = {isa = PBXFileReference; explicitFileType = wrapper.framework; includeInIndex = 0; path = Pods_Instagram_InstagramUITests.framework; sourceTree = BUILT_PRODUCTS_DIR; };
		B90B23C0234900DAFDD922B7 /* Pods-Instagram-InstagramUITests.release.xcconfig */ = {isa = PBXFileReference; includeInIndex = 1; lastKnownFileType = text.xcconfig; name = "Pods-Instagram-InstagramUITests.release.xcconfig"; path = "Target Support Files/Pods-Instagram-InstagramUITests/Pods-Instagram-InstagramUITests.release.xcconfig"; sourceTree = "<group>"; };
		C0681B76B98CC9C0095699B0 /* Pods_Instagram.framework */ = {isa = PBXFileReference; explicitFileType = wrapper.framework; includeInIndex = 0; path = Pods_Instagram.framework; sourceTree = BUILT_PRODUCTS_DIR; };
		C3D5F4DB2CADE98D906F62C3 /* Pods_InstagramTests.framework */ = {isa = PBXFileReference; explicitFileType = wrapper.framework; includeInIndex = 0; path = Pods_InstagramTests.framework; sourceTree = BUILT_PRODUCTS_DIR; };
		D19CB2937F50CA42313833F0 /* Pods-Instagram-InstagramUITests.debug.xcconfig */ = {isa = PBXFileReference; includeInIndex = 1; lastKnownFileType = text.xcconfig; name = "Pods-Instagram-InstagramUITests.debug.xcconfig"; path = "Target Support Files/Pods-Instagram-InstagramUITests/Pods-Instagram-InstagramUITests.debug.xcconfig"; sourceTree = "<group>"; };
/* End PBXFileReference section */

/* Begin PBXFrameworksBuildPhase section */
		2D6A7782286A4E2D008786BF /* Frameworks */ = {
			isa = PBXFrameworksBuildPhase;
			buildActionMask = 2147483647;
			files = (
				594841D99C1EA46C00EA4CE5 /* Pods_Instagram.framework in Frameworks */,
			);
			runOnlyForDeploymentPostprocessing = 0;
		};
		2D6A779D286A4E2F008786BF /* Frameworks */ = {
			isa = PBXFrameworksBuildPhase;
			buildActionMask = 2147483647;
			files = (
				DD8D5FA6E42AED9E418AACE3 /* Pods_InstagramTests.framework in Frameworks */,
			);
			runOnlyForDeploymentPostprocessing = 0;
		};
		2D6A77A7286A4E2F008786BF /* Frameworks */ = {
			isa = PBXFrameworksBuildPhase;
			buildActionMask = 2147483647;
			files = (
				09D4ADC33EC4F33D3C06B903 /* Pods_Instagram_InstagramUITests.framework in Frameworks */,
			);
			runOnlyForDeploymentPostprocessing = 0;
		};
/* End PBXFrameworksBuildPhase section */

/* Begin PBXGroup section */
		2D6A777C286A4E2D008786BF = {
			isa = PBXGroup;
			children = (
				2D6A7787286A4E2D008786BF /* Instagram */,
				2D6A77A3286A4E2F008786BF /* InstagramTests */,
				2D6A77AD286A4E2F008786BF /* InstagramUITests */,
				2D6A7786286A4E2D008786BF /* Products */,
				E0960EEA3BF16057DA7327C1 /* Pods */,
				464B7D8A870FA311C6CA9B63 /* Frameworks */,
			);
			sourceTree = "<group>";
		};
		2D6A7786286A4E2D008786BF /* Products */ = {
			isa = PBXGroup;
			children = (
				2D6A7785286A4E2D008786BF /* Instagram.app */,
				2D6A77A0286A4E2F008786BF /* InstagramTests.xctest */,
				2D6A77AA286A4E2F008786BF /* InstagramUITests.xctest */,
			);
			name = Products;
			sourceTree = "<group>";
		};
		2D6A7787286A4E2D008786BF /* Instagram */ = {
			isa = PBXGroup;
			children = (
				2D6A77DC286AA4B4008786BF /* Models */,
				2D6A77D8286AA451008786BF /* Cells */,
				2D6A77C9286A56EE008786BF /* ViewController */,
				2D6A7788286A4E2D008786BF /* AppDelegate.h */,
				2D6A7789286A4E2D008786BF /* AppDelegate.m */,
				2D6A778B286A4E2D008786BF /* SceneDelegate.h */,
				2D6A778C286A4E2D008786BF /* SceneDelegate.m */,
				2D6A7791286A4E2D008786BF /* Main.storyboard */,
				2D6A7794286A4E2F008786BF /* Assets.xcassets */,
				2D6A7796286A4E2F008786BF /* LaunchScreen.storyboard */,
				2D6A7799286A4E2F008786BF /* Info.plist */,
				2D6A779A286A4E2F008786BF /* main.m */,
				2D6A77CC286A6673008786BF /* Keys.plist */,
			);
			path = Instagram;
			sourceTree = "<group>";
		};
		2D6A77A3286A4E2F008786BF /* InstagramTests */ = {
			isa = PBXGroup;
			children = (
				2D6A77A4286A4E2F008786BF /* InstagramTests.m */,
			);
			path = InstagramTests;
			sourceTree = "<group>";
		};
		2D6A77AD286A4E2F008786BF /* InstagramUITests */ = {
			isa = PBXGroup;
			children = (
				2D6A77AE286A4E2F008786BF /* InstagramUITests.m */,
				2D6A77B0286A4E2F008786BF /* InstagramUITestsLaunchTests.m */,
			);
			path = InstagramUITests;
			sourceTree = "<group>";
		};
		2D6A77C9286A56EE008786BF /* ViewController */ = {
			isa = PBXGroup;
			children = (
				2D6A77BD286A547E008786BF /* LoginViewController.h */,
				2D6A77BE286A547E008786BF /* LoginViewController.m */,
				2D6A77C0286A5650008786BF /* HomeFeedViewController.h */,
				2D6A77C1286A5650008786BF /* HomeFeedViewController.m */,
				2D6A77C3286A56BE008786BF /* ComposeViewController.h */,
				2D6A77C4286A56BE008786BF /* ComposeViewController.m */,
				2D6A77C6286A56E9008786BF /* ProfileViewController.h */,
				2D6A77C7286A56E9008786BF /* ProfileViewController.m */,
			);
			path = ViewController;
			sourceTree = "<group>";
		};
		2D6A77D8286AA451008786BF /* Cells */ = {
			isa = PBXGroup;
			children = (
				2D6A77E3286AB000008786BF /* PhotoCell.h */,
				2D6A77E4286AB000008786BF /* PhotoCell.m */,
				2D6A77D9286AA462008786BF /* PostCell.h */,
				2D6A77DA286AA462008786BF /* PostCell.m */,
			);
			path = Cells;
			sourceTree = "<group>";
		};
		2D6A77DC286AA4B4008786BF /* Models */ = {
			isa = PBXGroup;
			children = (
				2D6A77DD286AA4FC008786BF /* Post.h */,
				2D6A77DE286AA4FC008786BF /* Post.m */,
			);
			path = Models;
			sourceTree = "<group>";
		};
		464B7D8A870FA311C6CA9B63 /* Frameworks */ = {
			isa = PBXGroup;
			children = (
				C0681B76B98CC9C0095699B0 /* Pods_Instagram.framework */,
				97D1498B6C4D74F5AF622F3C /* Pods_Instagram_InstagramUITests.framework */,
				C3D5F4DB2CADE98D906F62C3 /* Pods_InstagramTests.framework */,
			);
			name = Frameworks;
			sourceTree = "<group>";
		};
		E0960EEA3BF16057DA7327C1 /* Pods */ = {
			isa = PBXGroup;
			children = (
				3EF2FFD78FEA34DFCA65FD57 /* Pods-Instagram.debug.xcconfig */,
				133A1A3E511E2DA049CEB116 /* Pods-Instagram.release.xcconfig */,
				D19CB2937F50CA42313833F0 /* Pods-Instagram-InstagramUITests.debug.xcconfig */,
				B90B23C0234900DAFDD922B7 /* Pods-Instagram-InstagramUITests.release.xcconfig */,
				02E0B3509EE7A46F02853CA5 /* Pods-InstagramTests.debug.xcconfig */,
				0C9CFACA59AF897EE4DDCBA5 /* Pods-InstagramTests.release.xcconfig */,
			);
			path = Pods;
			sourceTree = "<group>";
		};
/* End PBXGroup section */

/* Begin PBXNativeTarget section */
		2D6A7784286A4E2D008786BF /* Instagram */ = {
			isa = PBXNativeTarget;
			buildConfigurationList = 2D6A77B4286A4E2F008786BF /* Build configuration list for PBXNativeTarget "Instagram" */;
			buildPhases = (
				014473688F4C60B8078DB42A /* [CP] Check Pods Manifest.lock */,
				2D6A7781286A4E2D008786BF /* Sources */,
				2D6A7782286A4E2D008786BF /* Frameworks */,
				2D6A7783286A4E2D008786BF /* Resources */,
				8C52CC4B5EABCF42AD091842 /* [CP] Embed Pods Frameworks */,
			);
			buildRules = (
			);
			dependencies = (
			);
			name = Instagram;
			productName = Instagram;
			productReference = 2D6A7785286A4E2D008786BF /* Instagram.app */;
			productType = "com.apple.product-type.application";
		};
		2D6A779F286A4E2F008786BF /* InstagramTests */ = {
			isa = PBXNativeTarget;
			buildConfigurationList = 2D6A77B7286A4E2F008786BF /* Build configuration list for PBXNativeTarget "InstagramTests" */;
			buildPhases = (
				0A92D6E5DFC7855919C9BE6B /* [CP] Check Pods Manifest.lock */,
				2D6A779C286A4E2F008786BF /* Sources */,
				2D6A779D286A4E2F008786BF /* Frameworks */,
				2D6A779E286A4E2F008786BF /* Resources */,
			);
			buildRules = (
			);
			dependencies = (
				2D6A77A2286A4E2F008786BF /* PBXTargetDependency */,
			);
			name = InstagramTests;
			productName = InstagramTests;
			productReference = 2D6A77A0286A4E2F008786BF /* InstagramTests.xctest */;
			productType = "com.apple.product-type.bundle.unit-test";
		};
		2D6A77A9286A4E2F008786BF /* InstagramUITests */ = {
			isa = PBXNativeTarget;
			buildConfigurationList = 2D6A77BA286A4E2F008786BF /* Build configuration list for PBXNativeTarget "InstagramUITests" */;
			buildPhases = (
				F3FD76721733084E244A80BE /* [CP] Check Pods Manifest.lock */,
				2D6A77A6286A4E2F008786BF /* Sources */,
				2D6A77A7286A4E2F008786BF /* Frameworks */,
				2D6A77A8286A4E2F008786BF /* Resources */,
				973FA26A1BCADE592C7F2571 /* [CP] Embed Pods Frameworks */,
			);
			buildRules = (
			);
			dependencies = (
				2D6A77AC286A4E2F008786BF /* PBXTargetDependency */,
			);
			name = InstagramUITests;
			productName = InstagramUITests;
			productReference = 2D6A77AA286A4E2F008786BF /* InstagramUITests.xctest */;
			productType = "com.apple.product-type.bundle.ui-testing";
		};
/* End PBXNativeTarget section */

/* Begin PBXProject section */
		2D6A777D286A4E2D008786BF /* Project object */ = {
			isa = PBXProject;
			attributes = {
				BuildIndependentTargetsInParallel = 1;
				LastUpgradeCheck = 1340;
				TargetAttributes = {
					2D6A7784286A4E2D008786BF = {
						CreatedOnToolsVersion = 13.4.1;
					};
					2D6A779F286A4E2F008786BF = {
						CreatedOnToolsVersion = 13.4.1;
						TestTargetID = 2D6A7784286A4E2D008786BF;
					};
					2D6A77A9286A4E2F008786BF = {
						CreatedOnToolsVersion = 13.4.1;
						TestTargetID = 2D6A7784286A4E2D008786BF;
					};
				};
			};
			buildConfigurationList = 2D6A7780286A4E2D008786BF /* Build configuration list for PBXProject "Instagram" */;
			compatibilityVersion = "Xcode 13.0";
			developmentRegion = en;
			hasScannedForEncodings = 0;
			knownRegions = (
				en,
				Base,
			);
			mainGroup = 2D6A777C286A4E2D008786BF;
			productRefGroup = 2D6A7786286A4E2D008786BF /* Products */;
			projectDirPath = "";
			projectRoot = "";
			targets = (
				2D6A7784286A4E2D008786BF /* Instagram */,
				2D6A779F286A4E2F008786BF /* InstagramTests */,
				2D6A77A9286A4E2F008786BF /* InstagramUITests */,
			);
		};
/* End PBXProject section */

/* Begin PBXResourcesBuildPhase section */
		2D6A7783286A4E2D008786BF /* Resources */ = {
			isa = PBXResourcesBuildPhase;
			buildActionMask = 2147483647;
			files = (
				2D6A7798286A4E2F008786BF /* LaunchScreen.storyboard in Resources */,
				2D6A7795286A4E2F008786BF /* Assets.xcassets in Resources */,
				2D6A7793286A4E2D008786BF /* Main.storyboard in Resources */,
				2D6A77CD286A6673008786BF /* Keys.plist in Resources */,
			);
			runOnlyForDeploymentPostprocessing = 0;
		};
		2D6A779E286A4E2F008786BF /* Resources */ = {
			isa = PBXResourcesBuildPhase;
			buildActionMask = 2147483647;
			files = (
			);
			runOnlyForDeploymentPostprocessing = 0;
		};
		2D6A77A8286A4E2F008786BF /* Resources */ = {
			isa = PBXResourcesBuildPhase;
			buildActionMask = 2147483647;
			files = (
			);
			runOnlyForDeploymentPostprocessing = 0;
		};
/* End PBXResourcesBuildPhase section */

/* Begin PBXShellScriptBuildPhase section */
		014473688F4C60B8078DB42A /* [CP] Check Pods Manifest.lock */ = {
			isa = PBXShellScriptBuildPhase;
			buildActionMask = 2147483647;
			files = (
			);
			inputFileListPaths = (
			);
			inputPaths = (
				"${PODS_PODFILE_DIR_PATH}/Podfile.lock",
				"${PODS_ROOT}/Manifest.lock",
			);
			name = "[CP] Check Pods Manifest.lock";
			outputFileListPaths = (
			);
			outputPaths = (
				"$(DERIVED_FILE_DIR)/Pods-Instagram-checkManifestLockResult.txt",
			);
			runOnlyForDeploymentPostprocessing = 0;
			shellPath = /bin/sh;
			shellScript = "diff \"${PODS_PODFILE_DIR_PATH}/Podfile.lock\" \"${PODS_ROOT}/Manifest.lock\" > /dev/null\nif [ $? != 0 ] ; then\n    # print error to STDERR\n    echo \"error: The sandbox is not in sync with the Podfile.lock. Run 'pod install' or update your CocoaPods installation.\" >&2\n    exit 1\nfi\n# This output is used by Xcode 'outputs' to avoid re-running this script phase.\necho \"SUCCESS\" > \"${SCRIPT_OUTPUT_FILE_0}\"\n";
			showEnvVarsInLog = 0;
		};
		0A92D6E5DFC7855919C9BE6B /* [CP] Check Pods Manifest.lock */ = {
			isa = PBXShellScriptBuildPhase;
			buildActionMask = 2147483647;
			files = (
			);
			inputFileListPaths = (
			);
			inputPaths = (
				"${PODS_PODFILE_DIR_PATH}/Podfile.lock",
				"${PODS_ROOT}/Manifest.lock",
			);
			name = "[CP] Check Pods Manifest.lock";
			outputFileListPaths = (
			);
			outputPaths = (
				"$(DERIVED_FILE_DIR)/Pods-InstagramTests-checkManifestLockResult.txt",
			);
			runOnlyForDeploymentPostprocessing = 0;
			shellPath = /bin/sh;
			shellScript = "diff \"${PODS_PODFILE_DIR_PATH}/Podfile.lock\" \"${PODS_ROOT}/Manifest.lock\" > /dev/null\nif [ $? != 0 ] ; then\n    # print error to STDERR\n    echo \"error: The sandbox is not in sync with the Podfile.lock. Run 'pod install' or update your CocoaPods installation.\" >&2\n    exit 1\nfi\n# This output is used by Xcode 'outputs' to avoid re-running this script phase.\necho \"SUCCESS\" > \"${SCRIPT_OUTPUT_FILE_0}\"\n";
			showEnvVarsInLog = 0;
		};
		8C52CC4B5EABCF42AD091842 /* [CP] Embed Pods Frameworks */ = {
			isa = PBXShellScriptBuildPhase;
			buildActionMask = 2147483647;
			files = (
			);
			inputFileListPaths = (
				"${PODS_ROOT}/Target Support Files/Pods-Instagram/Pods-Instagram-frameworks-${CONFIGURATION}-input-files.xcfilelist",
			);
			name = "[CP] Embed Pods Frameworks";
			outputFileListPaths = (
				"${PODS_ROOT}/Target Support Files/Pods-Instagram/Pods-Instagram-frameworks-${CONFIGURATION}-output-files.xcfilelist",
			);
			runOnlyForDeploymentPostprocessing = 0;
			shellPath = /bin/sh;
			shellScript = "\"${PODS_ROOT}/Target Support Files/Pods-Instagram/Pods-Instagram-frameworks.sh\"\n";
			showEnvVarsInLog = 0;
		};
		973FA26A1BCADE592C7F2571 /* [CP] Embed Pods Frameworks */ = {
			isa = PBXShellScriptBuildPhase;
			buildActionMask = 2147483647;
			files = (
			);
			inputFileListPaths = (
				"${PODS_ROOT}/Target Support Files/Pods-Instagram-InstagramUITests/Pods-Instagram-InstagramUITests-frameworks-${CONFIGURATION}-input-files.xcfilelist",
			);
			name = "[CP] Embed Pods Frameworks";
			outputFileListPaths = (
				"${PODS_ROOT}/Target Support Files/Pods-Instagram-InstagramUITests/Pods-Instagram-InstagramUITests-frameworks-${CONFIGURATION}-output-files.xcfilelist",
			);
			runOnlyForDeploymentPostprocessing = 0;
			shellPath = /bin/sh;
			shellScript = "\"${PODS_ROOT}/Target Support Files/Pods-Instagram-InstagramUITests/Pods-Instagram-InstagramUITests-frameworks.sh\"\n";
			showEnvVarsInLog = 0;
		};
		F3FD76721733084E244A80BE /* [CP] Check Pods Manifest.lock */ = {
			isa = PBXShellScriptBuildPhase;
			buildActionMask = 2147483647;
			files = (
			);
			inputFileListPaths = (
			);
			inputPaths = (
				"${PODS_PODFILE_DIR_PATH}/Podfile.lock",
				"${PODS_ROOT}/Manifest.lock",
			);
			name = "[CP] Check Pods Manifest.lock";
			outputFileListPaths = (
			);
			outputPaths = (
				"$(DERIVED_FILE_DIR)/Pods-Instagram-InstagramUITests-checkManifestLockResult.txt",
			);
			runOnlyForDeploymentPostprocessing = 0;
			shellPath = /bin/sh;
			shellScript = "diff \"${PODS_PODFILE_DIR_PATH}/Podfile.lock\" \"${PODS_ROOT}/Manifest.lock\" > /dev/null\nif [ $? != 0 ] ; then\n    # print error to STDERR\n    echo \"error: The sandbox is not in sync with the Podfile.lock. Run 'pod install' or update your CocoaPods installation.\" >&2\n    exit 1\nfi\n# This output is used by Xcode 'outputs' to avoid re-running this script phase.\necho \"SUCCESS\" > \"${SCRIPT_OUTPUT_FILE_0}\"\n";
			showEnvVarsInLog = 0;
		};
/* End PBXShellScriptBuildPhase section */

/* Begin PBXSourcesBuildPhase section */
		2D6A7781286A4E2D008786BF /* Sources */ = {
			isa = PBXSourcesBuildPhase;
			buildActionMask = 2147483647;
			files = (
				2D6A77E5286AB000008786BF /* PhotoCell.m in Sources */,
				2D6A77C2286A5650008786BF /* HomeFeedViewController.m in Sources */,
				2D6A77BF286A547E008786BF /* LoginViewController.m in Sources */,
				2D6A778A286A4E2D008786BF /* AppDelegate.m in Sources */,
				2D6A77DB286AA462008786BF /* PostCell.m in Sources */,
				2D6A77DF286AA4FC008786BF /* Post.m in Sources */,
				2D6A77C5286A56BE008786BF /* ComposeViewController.m in Sources */,
				2D6A77C8286A56E9008786BF /* ProfileViewController.m in Sources */,
				2D6A779B286A4E2F008786BF /* main.m in Sources */,
				2D6A778D286A4E2D008786BF /* SceneDelegate.m in Sources */,
			);
			runOnlyForDeploymentPostprocessing = 0;
		};
		2D6A779C286A4E2F008786BF /* Sources */ = {
			isa = PBXSourcesBuildPhase;
			buildActionMask = 2147483647;
			files = (
				2D6A77A5286A4E2F008786BF /* InstagramTests.m in Sources */,
			);
			runOnlyForDeploymentPostprocessing = 0;
		};
		2D6A77A6286A4E2F008786BF /* Sources */ = {
			isa = PBXSourcesBuildPhase;
			buildActionMask = 2147483647;
			files = (
				2D6A77AF286A4E2F008786BF /* InstagramUITests.m in Sources */,
				2D6A77B1286A4E2F008786BF /* InstagramUITestsLaunchTests.m in Sources */,
			);
			runOnlyForDeploymentPostprocessing = 0;
		};
/* End PBXSourcesBuildPhase section */

/* Begin PBXTargetDependency section */
		2D6A77A2286A4E2F008786BF /* PBXTargetDependency */ = {
			isa = PBXTargetDependency;
			target = 2D6A7784286A4E2D008786BF /* Instagram */;
			targetProxy = 2D6A77A1286A4E2F008786BF /* PBXContainerItemProxy */;
		};
		2D6A77AC286A4E2F008786BF /* PBXTargetDependency */ = {
			isa = PBXTargetDependency;
			target = 2D6A7784286A4E2D008786BF /* Instagram */;
			targetProxy = 2D6A77AB286A4E2F008786BF /* PBXContainerItemProxy */;
		};
/* End PBXTargetDependency section */

/* Begin PBXVariantGroup section */
		2D6A7791286A4E2D008786BF /* Main.storyboard */ = {
			isa = PBXVariantGroup;
			children = (
				2D6A7792286A4E2D008786BF /* Base */,
			);
			name = Main.storyboard;
			sourceTree = "<group>";
		};
		2D6A7796286A4E2F008786BF /* LaunchScreen.storyboard */ = {
			isa = PBXVariantGroup;
			children = (
				2D6A7797286A4E2F008786BF /* Base */,
			);
			name = LaunchScreen.storyboard;
			sourceTree = "<group>";
		};
/* End PBXVariantGroup section */

/* Begin XCBuildConfiguration section */
		2D6A77B2286A4E2F008786BF /* Debug */ = {
			isa = XCBuildConfiguration;
			buildSettings = {
				ALWAYS_SEARCH_USER_PATHS = NO;
				CLANG_ANALYZER_NONNULL = YES;
				CLANG_ANALYZER_NUMBER_OBJECT_CONVERSION = YES_AGGRESSIVE;
				CLANG_CXX_LANGUAGE_STANDARD = "gnu++17";
				CLANG_ENABLE_MODULES = YES;
				CLANG_ENABLE_OBJC_ARC = YES;
				CLANG_ENABLE_OBJC_WEAK = YES;
				CLANG_WARN_BLOCK_CAPTURE_AUTORELEASING = YES;
				CLANG_WARN_BOOL_CONVERSION = YES;
				CLANG_WARN_COMMA = YES;
				CLANG_WARN_CONSTANT_CONVERSION = YES;
				CLANG_WARN_DEPRECATED_OBJC_IMPLEMENTATIONS = YES;
				CLANG_WARN_DIRECT_OBJC_ISA_USAGE = YES_ERROR;
				CLANG_WARN_DOCUMENTATION_COMMENTS = YES;
				CLANG_WARN_EMPTY_BODY = YES;
				CLANG_WARN_ENUM_CONVERSION = YES;
				CLANG_WARN_INFINITE_RECURSION = YES;
				CLANG_WARN_INT_CONVERSION = YES;
				CLANG_WARN_NON_LITERAL_NULL_CONVERSION = YES;
				CLANG_WARN_OBJC_IMPLICIT_RETAIN_SELF = YES;
				CLANG_WARN_OBJC_LITERAL_CONVERSION = YES;
				CLANG_WARN_OBJC_ROOT_CLASS = YES_ERROR;
				CLANG_WARN_QUOTED_INCLUDE_IN_FRAMEWORK_HEADER = YES;
				CLANG_WARN_RANGE_LOOP_ANALYSIS = YES;
				CLANG_WARN_STRICT_PROTOTYPES = YES;
				CLANG_WARN_SUSPICIOUS_MOVE = YES;
				CLANG_WARN_UNGUARDED_AVAILABILITY = YES_AGGRESSIVE;
				CLANG_WARN_UNREACHABLE_CODE = YES;
				CLANG_WARN__DUPLICATE_METHOD_MATCH = YES;
				COPY_PHASE_STRIP = NO;
				DEBUG_INFORMATION_FORMAT = dwarf;
				ENABLE_STRICT_OBJC_MSGSEND = YES;
				ENABLE_TESTABILITY = YES;
				GCC_C_LANGUAGE_STANDARD = gnu11;
				GCC_DYNAMIC_NO_PIC = NO;
				GCC_NO_COMMON_BLOCKS = YES;
				GCC_OPTIMIZATION_LEVEL = 0;
				GCC_PREPROCESSOR_DEFINITIONS = (
					"DEBUG=1",
					"$(inherited)",
				);
				GCC_WARN_64_TO_32_BIT_CONVERSION = YES;
				GCC_WARN_ABOUT_RETURN_TYPE = YES_ERROR;
				GCC_WARN_UNDECLARED_SELECTOR = YES;
				GCC_WARN_UNINITIALIZED_AUTOS = YES_AGGRESSIVE;
				GCC_WARN_UNUSED_FUNCTION = YES;
				GCC_WARN_UNUSED_VARIABLE = YES;
				IPHONEOS_DEPLOYMENT_TARGET = 15.5;
				MTL_ENABLE_DEBUG_INFO = INCLUDE_SOURCE;
				MTL_FAST_MATH = YES;
				ONLY_ACTIVE_ARCH = YES;
				SDKROOT = iphoneos;
			};
			name = Debug;
		};
		2D6A77B3286A4E2F008786BF /* Release */ = {
			isa = XCBuildConfiguration;
			buildSettings = {
				ALWAYS_SEARCH_USER_PATHS = NO;
				CLANG_ANALYZER_NONNULL = YES;
				CLANG_ANALYZER_NUMBER_OBJECT_CONVERSION = YES_AGGRESSIVE;
				CLANG_CXX_LANGUAGE_STANDARD = "gnu++17";
				CLANG_ENABLE_MODULES = YES;
				CLANG_ENABLE_OBJC_ARC = YES;
				CLANG_ENABLE_OBJC_WEAK = YES;
				CLANG_WARN_BLOCK_CAPTURE_AUTORELEASING = YES;
				CLANG_WARN_BOOL_CONVERSION = YES;
				CLANG_WARN_COMMA = YES;
				CLANG_WARN_CONSTANT_CONVERSION = YES;
				CLANG_WARN_DEPRECATED_OBJC_IMPLEMENTATIONS = YES;
				CLANG_WARN_DIRECT_OBJC_ISA_USAGE = YES_ERROR;
				CLANG_WARN_DOCUMENTATION_COMMENTS = YES;
				CLANG_WARN_EMPTY_BODY = YES;
				CLANG_WARN_ENUM_CONVERSION = YES;
				CLANG_WARN_INFINITE_RECURSION = YES;
				CLANG_WARN_INT_CONVERSION = YES;
				CLANG_WARN_NON_LITERAL_NULL_CONVERSION = YES;
				CLANG_WARN_OBJC_IMPLICIT_RETAIN_SELF = YES;
				CLANG_WARN_OBJC_LITERAL_CONVERSION = YES;
				CLANG_WARN_OBJC_ROOT_CLASS = YES_ERROR;
				CLANG_WARN_QUOTED_INCLUDE_IN_FRAMEWORK_HEADER = YES;
				CLANG_WARN_RANGE_LOOP_ANALYSIS = YES;
				CLANG_WARN_STRICT_PROTOTYPES = YES;
				CLANG_WARN_SUSPICIOUS_MOVE = YES;
				CLANG_WARN_UNGUARDED_AVAILABILITY = YES_AGGRESSIVE;
				CLANG_WARN_UNREACHABLE_CODE = YES;
				CLANG_WARN__DUPLICATE_METHOD_MATCH = YES;
				COPY_PHASE_STRIP = NO;
				DEBUG_INFORMATION_FORMAT = "dwarf-with-dsym";
				ENABLE_NS_ASSERTIONS = NO;
				ENABLE_STRICT_OBJC_MSGSEND = YES;
				GCC_C_LANGUAGE_STANDARD = gnu11;
				GCC_NO_COMMON_BLOCKS = YES;
				GCC_WARN_64_TO_32_BIT_CONVERSION = YES;
				GCC_WARN_ABOUT_RETURN_TYPE = YES_ERROR;
				GCC_WARN_UNDECLARED_SELECTOR = YES;
				GCC_WARN_UNINITIALIZED_AUTOS = YES_AGGRESSIVE;
				GCC_WARN_UNUSED_FUNCTION = YES;
				GCC_WARN_UNUSED_VARIABLE = YES;
				IPHONEOS_DEPLOYMENT_TARGET = 15.5;
				MTL_ENABLE_DEBUG_INFO = NO;
				MTL_FAST_MATH = YES;
				SDKROOT = iphoneos;
				VALIDATE_PRODUCT = YES;
			};
			name = Release;
		};
		2D6A77B5286A4E2F008786BF /* Debug */ = {
			isa = XCBuildConfiguration;
			baseConfigurationReference = 3EF2FFD78FEA34DFCA65FD57 /* Pods-Instagram.debug.xcconfig */;
			buildSettings = {
				ASSETCATALOG_COMPILER_APPICON_NAME = AppIcon;
				ASSETCATALOG_COMPILER_GLOBAL_ACCENT_COLOR_NAME = AccentColor;
				CODE_SIGN_STYLE = Automatic;
				CURRENT_PROJECT_VERSION = 1;
				DEVELOPMENT_TEAM = 7TA7S8XFUU;
				GENERATE_INFOPLIST_FILE = YES;
				INFOPLIST_FILE = Instagram/Info.plist;
				INFOPLIST_KEY_UIApplicationSupportsIndirectInputEvents = YES;
				INFOPLIST_KEY_UILaunchStoryboardName = LaunchScreen;
				INFOPLIST_KEY_UIMainStoryboardFile = Main;
				INFOPLIST_KEY_UISupportedInterfaceOrientations_iPad = "UIInterfaceOrientationPortrait UIInterfaceOrientationPortraitUpsideDown UIInterfaceOrientationLandscapeLeft UIInterfaceOrientationLandscapeRight";
				INFOPLIST_KEY_UISupportedInterfaceOrientations_iPhone = "UIInterfaceOrientationPortrait UIInterfaceOrientationLandscapeLeft UIInterfaceOrientationLandscapeRight";
				LD_RUNPATH_SEARCH_PATHS = (
					"$(inherited)",
					"@executable_path/Frameworks",
				);
				MARKETING_VERSION = 1.0;
				PRODUCT_BUNDLE_IDENTIFIER = com.jacquelinejou.Instagram;
				PRODUCT_NAME = "$(TARGET_NAME)";
				SWIFT_EMIT_LOC_STRINGS = YES;
				TARGETED_DEVICE_FAMILY = "1,2";
			};
			name = Debug;
		};
		2D6A77B6286A4E2F008786BF /* Release */ = {
			isa = XCBuildConfiguration;
			baseConfigurationReference = 133A1A3E511E2DA049CEB116 /* Pods-Instagram.release.xcconfig */;
			buildSettings = {
				ASSETCATALOG_COMPILER_APPICON_NAME = AppIcon;
				ASSETCATALOG_COMPILER_GLOBAL_ACCENT_COLOR_NAME = AccentColor;
				CODE_SIGN_STYLE = Automatic;
				CURRENT_PROJECT_VERSION = 1;
				DEVELOPMENT_TEAM = 7TA7S8XFUU;
				GENERATE_INFOPLIST_FILE = YES;
				INFOPLIST_FILE = Instagram/Info.plist;
				INFOPLIST_KEY_UIApplicationSupportsIndirectInputEvents = YES;
				INFOPLIST_KEY_UILaunchStoryboardName = LaunchScreen;
				INFOPLIST_KEY_UIMainStoryboardFile = Main;
				INFOPLIST_KEY_UISupportedInterfaceOrientations_iPad = "UIInterfaceOrientationPortrait UIInterfaceOrientationPortraitUpsideDown UIInterfaceOrientationLandscapeLeft UIInterfaceOrientationLandscapeRight";
				INFOPLIST_KEY_UISupportedInterfaceOrientations_iPhone = "UIInterfaceOrientationPortrait UIInterfaceOrientationLandscapeLeft UIInterfaceOrientationLandscapeRight";
				LD_RUNPATH_SEARCH_PATHS = (
					"$(inherited)",
					"@executable_path/Frameworks",
				);
				MARKETING_VERSION = 1.0;
				PRODUCT_BUNDLE_IDENTIFIER = com.jacquelinejou.Instagram;
				PRODUCT_NAME = "$(TARGET_NAME)";
				SWIFT_EMIT_LOC_STRINGS = YES;
				TARGETED_DEVICE_FAMILY = "1,2";
			};
			name = Release;
		};
		2D6A77B8286A4E2F008786BF /* Debug */ = {
			isa = XCBuildConfiguration;
			baseConfigurationReference = 02E0B3509EE7A46F02853CA5 /* Pods-InstagramTests.debug.xcconfig */;
			buildSettings = {
				BUNDLE_LOADER = "$(TEST_HOST)";
				CODE_SIGN_STYLE = Automatic;
				CURRENT_PROJECT_VERSION = 1;
				GENERATE_INFOPLIST_FILE = YES;
				IPHONEOS_DEPLOYMENT_TARGET = 15.5;
				MARKETING_VERSION = 1.0;
				PRODUCT_BUNDLE_IDENTIFIER = com.jacquelinejou.InstagramTests;
				PRODUCT_NAME = "$(TARGET_NAME)";
				SWIFT_EMIT_LOC_STRINGS = NO;
				TARGETED_DEVICE_FAMILY = "1,2";
				TEST_HOST = "$(BUILT_PRODUCTS_DIR)/Instagram.app/Instagram";
			};
			name = Debug;
		};
		2D6A77B9286A4E2F008786BF /* Release */ = {
			isa = XCBuildConfiguration;
			baseConfigurationReference = 0C9CFACA59AF897EE4DDCBA5 /* Pods-InstagramTests.release.xcconfig */;
			buildSettings = {
				BUNDLE_LOADER = "$(TEST_HOST)";
				CODE_SIGN_STYLE = Automatic;
				CURRENT_PROJECT_VERSION = 1;
				GENERATE_INFOPLIST_FILE = YES;
				IPHONEOS_DEPLOYMENT_TARGET = 15.5;
				MARKETING_VERSION = 1.0;
				PRODUCT_BUNDLE_IDENTIFIER = com.jacquelinejou.InstagramTests;
				PRODUCT_NAME = "$(TARGET_NAME)";
				SWIFT_EMIT_LOC_STRINGS = NO;
				TARGETED_DEVICE_FAMILY = "1,2";
				TEST_HOST = "$(BUILT_PRODUCTS_DIR)/Instagram.app/Instagram";
			};
			name = Release;
		};
		2D6A77BB286A4E2F008786BF /* Debug */ = {
			isa = XCBuildConfiguration;
			baseConfigurationReference = D19CB2937F50CA42313833F0 /* Pods-Instagram-InstagramUITests.debug.xcconfig */;
			buildSettings = {
				CODE_SIGN_STYLE = Automatic;
				CURRENT_PROJECT_VERSION = 1;
				GENERATE_INFOPLIST_FILE = YES;
				MARKETING_VERSION = 1.0;
				PRODUCT_BUNDLE_IDENTIFIER = com.jacquelinejou.InstagramUITests;
				PRODUCT_NAME = "$(TARGET_NAME)";
				SWIFT_EMIT_LOC_STRINGS = NO;
				TARGETED_DEVICE_FAMILY = "1,2";
				TEST_TARGET_NAME = Instagram;
			};
			name = Debug;
		};
		2D6A77BC286A4E2F008786BF /* Release */ = {
			isa = XCBuildConfiguration;
			baseConfigurationReference = B90B23C0234900DAFDD922B7 /* Pods-Instagram-InstagramUITests.release.xcconfig */;
			buildSettings = {
				CODE_SIGN_STYLE = Automatic;
				CURRENT_PROJECT_VERSION = 1;
				GENERATE_INFOPLIST_FILE = YES;
				MARKETING_VERSION = 1.0;
				PRODUCT_BUNDLE_IDENTIFIER = com.jacquelinejou.InstagramUITests;
				PRODUCT_NAME = "$(TARGET_NAME)";
				SWIFT_EMIT_LOC_STRINGS = NO;
				TARGETED_DEVICE_FAMILY = "1,2";
				TEST_TARGET_NAME = Instagram;
			};
			name = Release;
		};
/* End XCBuildConfiguration section */

/* Begin XCConfigurationList section */
		2D6A7780286A4E2D008786BF /* Build configuration list for PBXProject "Instagram" */ = {
			isa = XCConfigurationList;
			buildConfigurations = (
				2D6A77B2286A4E2F008786BF /* Debug */,
				2D6A77B3286A4E2F008786BF /* Release */,
			);
			defaultConfigurationIsVisible = 0;
			defaultConfigurationName = Release;
		};
		2D6A77B4286A4E2F008786BF /* Build configuration list for PBXNativeTarget "Instagram" */ = {
			isa = XCConfigurationList;
			buildConfigurations = (
				2D6A77B5286A4E2F008786BF /* Debug */,
				2D6A77B6286A4E2F008786BF /* Release */,
			);
			defaultConfigurationIsVisible = 0;
			defaultConfigurationName = Release;
		};
		2D6A77B7286A4E2F008786BF /* Build configuration list for PBXNativeTarget "InstagramTests" */ = {
			isa = XCConfigurationList;
			buildConfigurations = (
				2D6A77B8286A4E2F008786BF /* Debug */,
				2D6A77B9286A4E2F008786BF /* Release */,
			);
			defaultConfigurationIsVisible = 0;
			defaultConfigurationName = Release;
		};
		2D6A77BA286A4E2F008786BF /* Build configuration list for PBXNativeTarget "InstagramUITests" */ = {
			isa = XCConfigurationList;
			buildConfigurations = (
				2D6A77BB286A4E2F008786BF /* Debug */,
				2D6A77BC286A4E2F008786BF /* Release */,
			);
			defaultConfigurationIsVisible = 0;
			defaultConfigurationName = Release;
		};
/* End XCConfigurationList section */
	};
	rootObject = 2D6A777D286A4E2D008786BF /* Project object */;
}
